
Microsoft Visual Studio Solution File, Format Version 12.00
# Visual Studio Version 17
VisualStudioVersion = 17.9.34902.65
MinimumVisualStudioVersion = 10.0.40219.1
Project("{FAE04EC0-301F-11D3-BF4B-00C04F79EFBC}") = "JogoXadrez", "JogoXadrez\JogoXadrez.csproj", "{DB625C65-BDCA-40F5-862F-E8E5E170D189}"
EndProject
Global
	GlobalSection(SolutionConfigurationPlatforms) = preSolution
		Debug|Any CPU = Debug|Any CPU
		Release|Any CPU = Release|Any CPU
	EndGlobalSection
	GlobalSection(ProjectConfigurationPlatforms) = postSolution
		{DB625C65-BDCA-40F5-862F-E8E5E170D189}.Debug|Any CPU.ActiveCfg = Debug|Any CPU
		{DB625C65-BDCA-40F5-862F-E8E5E170D189}.Debug|Any CPU.Build.0 = Debug|Any CPU
		{DB625C65-BDCA-40F5-862F-E8E5E170D189}.Release|Any CPU.ActiveCfg = Release|Any CPU
		{DB625C65-BDCA-40F5-862F-E8E5E170D189}.Release|Any CPU.Build.0 = Release|Any CPU
	EndGlobalSection
	GlobalSection(SolutionProperties) = preSolution
		HideSolutionNode = FALSE
	EndGlobalSection
	GlobalSection(ExtensibilityGlobals) = postSolution
		SolutionGuid = {B08B4415-08DC-4EF6-8904-2BECF3829505}
	EndGlobalSection
EndGlobal
